
Microsoft Visual Studio Solution File, Format Version 12.00
# Visual Studio Version 16
VisualStudioVersion = 16.0.30002.166
MinimumVisualStudioVersion = 10.0.40219.1
Project("{FAE04EC0-301F-11D3-BF4B-00C04F79EFBC}") = "showmeminmaxnumber", "showmeminmaxnumber\showmeminmaxnumber.csproj", "{26E63FD4-2671-4379-88E5-312DB79C1580}"
EndProject
Global
	GlobalSection(SolutionConfigurationPlatforms) = preSolution
		Debug|Any CPU = Debug|Any CPU
		Release|Any CPU = Release|Any CPU
	EndGlobalSection
	GlobalSection(ProjectConfigurationPlatforms) = postSolution
		{26E63FD4-2671-4379-88E5-312DB79C1580}.Debug|Any CPU.ActiveCfg = Debug|Any CPU
		{26E63FD4-2671-4379-88E5-312DB79C1580}.Debug|Any CPU.Build.0 = Debug|Any CPU
		{26E63FD4-2671-4379-88E5-312DB79C1580}.Release|Any CPU.ActiveCfg = Release|Any CPU
		{26E63FD4-2671-4379-88E5-312DB79C1580}.Release|Any CPU.Build.0 = Release|Any CPU
	EndGlobalSection
	GlobalSection(SolutionProperties) = preSolution
		HideSolutionNode = FALSE
	EndGlobalSection
	GlobalSection(ExtensibilityGlobals) = postSolution
		SolutionGuid = {8DF84322-A25A-437D-A44A-9D1A1B493685}
	EndGlobalSection
EndGlobal
